
Microsoft Visual Studio Solution File, Format Version 12.00
# Visual Studio 15
Project("{FAE04EC0-301F-11D3-BF4B-00C04F79EFBC}") = "DotNetCoreAdDemo", "DotNetCoreAdDemo\DotNetCoreAdDemo.csproj", "{1AE3F764-BBD9-4309-80D4-75D4E879484B}"
EndProject
Global
	GlobalSection(SolutionConfigurationPlatforms) = preSolution
		Debug|Any CPU = Debug|Any CPU
		Release|Any CPU = Release|Any CPU
	EndGlobalSection
	GlobalSection(ProjectConfigurationPlatforms) = postSolution
		{1AE3F764-BBD9-4309-80D4-75D4E879484B}.Debug|Any CPU.ActiveCfg = Debug|Any CPU
		{1AE3F764-BBD9-4309-80D4-75D4E879484B}.Debug|Any CPU.Build.0 = Debug|Any CPU
		{1AE3F764-BBD9-4309-80D4-75D4E879484B}.Release|Any CPU.ActiveCfg = Release|Any CPU
		{1AE3F764-BBD9-4309-80D4-75D4E879484B}.Release|Any CPU.Build.0 = Release|Any CPU
	EndGlobalSection
EndGlobal
